// !$*UTF8*$!
{
	archiveVersion = 1;
	classes = {
	};
	objectVersion = 46;
	objects = {

/* Begin PBXBuildFile section */
		5416D23816FF047300576320 /* LibraryTableViewController.m in Sources */ = {isa = PBXBuildFile; fileRef = 5416D23716FF047300576320 /* LibraryTableViewController.m */; };
		5440DE1516FDD284007D2216 /* white-video.jpg in Resources */ = {isa = PBXBuildFile; fileRef = 5440DE1416FDD284007D2216 /* white-video.jpg */; };
		54565DE816FB19C9007F3CF9 /* VideoTableViewController.m in Sources */ = {isa = PBXBuildFile; fileRef = 54565DE716FB19C9007F3CF9 /* VideoTableViewController.m */; };
		5461A05E16FFDBEF0015D5AC /* App.m in Sources */ = {isa = PBXBuildFile; fileRef = 5461A05D16FFDBEF0015D5AC /* App.m */; };
		54800B6416FD6DD8005219B4 /* Video.m in Sources */ = {isa = PBXBuildFile; fileRef = 54800B6316FD6DD8005219B4 /* Video.m */; };
		54800B6716FD76A5005219B4 /* VideoDetailViewController.m in Sources */ = {isa = PBXBuildFile; fileRef = 54800B6616FD76A5005219B4 /* VideoDetailViewController.m */; };
		54800B6A16FD86DB005219B4 /* hyeonseo-lee.jpg in Resources */ = {isa = PBXBuildFile; fileRef = 54800B6816FD86DB005219B4 /* hyeonseo-lee.jpg */; };
		54800B6B16FD86DB005219B4 /* my-escape-from-north-korea.jpg in Resources */ = {isa = PBXBuildFile; fileRef = 54800B6916FD86DB005219B4 /* my-escape-from-north-korea.jpg */; };
		54800B6F16FDC759005219B4 /* hyeonseo_lee_my_escape_from_north_korea@2x.jpg in Resources */ = {isa = PBXBuildFile; fileRef = 54800B6E16FDC758005219B4 /* hyeonseo_lee_my_escape_from_north_korea@2x.jpg */; };
		54A3A00316FFFDF500E8B908 /* TFHpple.m in Sources */ = {isa = PBXBuildFile; fileRef = 54A39FFE16FFFDF500E8B908 /* TFHpple.m */; };
		54A3A00416FFFDF500E8B908 /* TFHppleElement.m in Sources */ = {isa = PBXBuildFile; fileRef = 54A3A00016FFFDF500E8B908 /* TFHppleElement.m */; };
		54A3A00516FFFDF500E8B908 /* XPathQuery.m in Sources */ = {isa = PBXBuildFile; fileRef = 54A3A00216FFFDF500E8B908 /* XPathQuery.m */; };
		54CB0ED916F09B7700C91B32 /* app-icon.png in Resources */ = {isa = PBXBuildFile; fileRef = 54CB0ED816F09B7700C91B32 /* app-icon.png */; };
		54CB0EDB16F09C0500C91B32 /* app-icon-nonretina.png in Resources */ = {isa = PBXBuildFile; fileRef = 54CB0EDA16F09C0500C91B32 /* app-icon-nonretina.png */; };
		54CB0EDD16F09C9D00C91B32 /* Default-568h@2x.png in Resources */ = {isa = PBXBuildFile; fileRef = 54CB0EDC16F09C9D00C91B32 /* Default-568h@2x.png */; };
		54D1CC3D16F8425700691CEB /* reference-tabbar-icon@2x.png in Resources */ = {isa = PBXBuildFile; fileRef = 54D1CC3C16F8425700691CEB /* reference-tabbar-icon@2x.png */; };
		54D1CC4516F845B700691CEB /* faq-tabbar-icon.png in Resources */ = {isa = PBXBuildFile; fileRef = 54D1CC3E16F845B700691CEB /* faq-tabbar-icon.png */; };
		54D1CC4616F845B700691CEB /* faq-tabbar-icon@2x.png in Resources */ = {isa = PBXBuildFile; fileRef = 54D1CC3F16F845B700691CEB /* faq-tabbar-icon@2x.png */; };
		54D1CC4716F845B700691CEB /* info-tabbar-icon.png in Resources */ = {isa = PBXBuildFile; fileRef = 54D1CC4016F845B700691CEB /* info-tabbar-icon.png */; };
		54D1CC4816F845B700691CEB /* info-tabbar-icon@2x.png in Resources */ = {isa = PBXBuildFile; fileRef = 54D1CC4116F845B700691CEB /* info-tabbar-icon@2x.png */; };
		54D1CC4916F845B700691CEB /* reference-tabbar-icon.png in Resources */ = {isa = PBXBuildFile; fileRef = 54D1CC4216F845B700691CEB /* reference-tabbar-icon.png */; };
		54D1CC4A16F845B700691CEB /* settings-tabbar-icon.png in Resources */ = {isa = PBXBuildFile; fileRef = 54D1CC4316F845B700691CEB /* settings-tabbar-icon.png */; };
		54D1CC4B16F845B700691CEB /* settings-tabbar-icon@2x.png in Resources */ = {isa = PBXBuildFile; fileRef = 54D1CC4416F845B700691CEB /* settings-tabbar-icon@2x.png */; };
		54D1CC4E16F854EE00691CEB /* photos-tabbar-icon.png in Resources */ = {isa = PBXBuildFile; fileRef = 54D1CC4C16F854EE00691CEB /* photos-tabbar-icon.png */; };
		54D1CC4F16F854EE00691CEB /* photos-tabbar-icon@2x.png in Resources */ = {isa = PBXBuildFile; fileRef = 54D1CC4D16F854EE00691CEB /* photos-tabbar-icon@2x.png */; };
		54D1CC5216F8567E00691CEB /* videos-tabbar-icon.png in Resources */ = {isa = PBXBuildFile; fileRef = 54D1CC5016F8567E00691CEB /* videos-tabbar-icon.png */; };
		54D1CC5316F8567E00691CEB /* videos-tabbar-icon@2x.png in Resources */ = {isa = PBXBuildFile; fileRef = 54D1CC5116F8567E00691CEB /* videos-tabbar-icon@2x.png */; };
		54D1CC5816F866A800691CEB /* magazine-tabbar-icon.png in Resources */ = {isa = PBXBuildFile; fileRef = 54D1CC5416F866A700691CEB /* magazine-tabbar-icon.png */; };
		54D1CC5916F866A800691CEB /* magazine-tabbar-icon@2x.png in Resources */ = {isa = PBXBuildFile; fileRef = 54D1CC5516F866A800691CEB /* magazine-tabbar-icon@2x.png */; };
		54D1CC5A16F866A800691CEB /* newspaper-tabbar-icon.png in Resources */ = {isa = PBXBuildFile; fileRef = 54D1CC5616F866A800691CEB /* newspaper-tabbar-icon.png */; };
		54D1CC5B16F866A800691CEB /* newspaper-tabbar-icon@2x.png in Resources */ = {isa = PBXBuildFile; fileRef = 54D1CC5716F866A800691CEB /* newspaper-tabbar-icon@2x.png */; };
		54D1CC5E16F8693500691CEB /* library-tabbar-icon.png in Resources */ = {isa = PBXBuildFile; fileRef = 54D1CC5C16F8693500691CEB /* library-tabbar-icon.png */; };
		54D1CC5F16F8693500691CEB /* library-tabbar-icon@2x.png in Resources */ = {isa = PBXBuildFile; fileRef = 54D1CC5D16F8693500691CEB /* library-tabbar-icon@2x.png */; };
		54D1CC6216F86FFD00691CEB /* television-tabbar-icon.png in Resources */ = {isa = PBXBuildFile; fileRef = 54D1CC6016F86FFD00691CEB /* television-tabbar-icon.png */; };
		54D1CC6316F86FFD00691CEB /* television-tabbar-icon@2x.png in Resources */ = {isa = PBXBuildFile; fileRef = 54D1CC6116F86FFD00691CEB /* television-tabbar-icon@2x.png */; };
		54D1CC6616F875E000691CEB /* MainTabBarController.m in Sources */ = {isa = PBXBuildFile; fileRef = 54D1CC6516F875E000691CEB /* MainTabBarController.m */; };
		54D1CC6A16F8FF7B00691CEB /* table-tabbar-icon.png in Resources */ = {isa = PBXBuildFile; fileRef = 54D1CC6816F8FF7B00691CEB /* table-tabbar-icon.png */; };
		54D1CC6B16F8FF7B00691CEB /* table-tabbar-icon@2x.png in Resources */ = {isa = PBXBuildFile; fileRef = 54D1CC6916F8FF7B00691CEB /* table-tabbar-icon@2x.png */; };
		54D3D63D16F34F0900D89B66 /* iPadStoryboard.storyboard in Resources */ = {isa = PBXBuildFile; fileRef = 54D3D63C16F34F0900D89B66 /* iPadStoryboard.storyboard */; };
		54E87FBA16FEDA1200C95CB3 /* uiss-alternative.json in Resources */ = {isa = PBXBuildFile; fileRef = 54E87FB816FEDA1200C95CB3 /* uiss-alternative.json */; };
		54E87FBB16FEDA1200C95CB3 /* uiss.json in Resources */ = {isa = PBXBuildFile; fileRef = 54E87FB916FEDA1200C95CB3 /* uiss.json */; };
		54F80D7D16F32961001DC004 /* icon1.png in Resources */ = {isa = PBXBuildFile; fileRef = 54F80D7C16F32961001DC004 /* icon1.png */; };
		54F80D7F16F32AB0001DC004 /* icon2.png in Resources */ = {isa = PBXBuildFile; fileRef = 54F80D7E16F32AB0001DC004 /* icon2.png */; };
		54F80D8116F32E03001DC004 /* icon3.png in Resources */ = {isa = PBXBuildFile; fileRef = 54F80D8016F32E03001DC004 /* icon3.png */; };
		54F80D8416F330ED001DC004 /* icon4.png in Resources */ = {isa = PBXBuildFile; fileRef = 54F80D8216F330ED001DC004 /* icon4.png */; };
		70972021CF204F3988862416 /* libPods.a in Frameworks */ = {isa = PBXBuildFile; fileRef = 86CF130996C44927A3427CC5 /* libPods.a */; };
		9C1806B1163E848100A02D94 /* Icon-72.png in Resources */ = {isa = PBXBuildFile; fileRef = 9C1806AA163E848100A02D94 /* Icon-72.png */; };
		9C1806B2163E848100A02D94 /* Icon-Small-50.png in Resources */ = {isa = PBXBuildFile; fileRef = 9C1806AB163E848100A02D94 /* Icon-Small-50.png */; };
		9C1806B3163E848100A02D94 /* Icon-Small.png in Resources */ = {isa = PBXBuildFile; fileRef = 9C1806AC163E848100A02D94 /* Icon-Small.png */; };
		9C1806B4163E848100A02D94 /* Icon-Small@2x.png in Resources */ = {isa = PBXBuildFile; fileRef = 9C1806AD163E848100A02D94 /* Icon-Small@2x.png */; };
		9C1806B5163E848100A02D94 /* Icon.png in Resources */ = {isa = PBXBuildFile; fileRef = 9C1806AE163E848100A02D94 /* Icon.png */; };
		9C1806B6163E848100A02D94 /* Icon@2x.png in Resources */ = {isa = PBXBuildFile; fileRef = 9C1806AF163E848100A02D94 /* Icon@2x.png */; };
		9C1806B7163E848100A02D94 /* iTunesArtwork in Resources */ = {isa = PBXBuildFile; fileRef = 9C1806B0163E848100A02D94 /* iTunesArtwork */; };
		9C1806C0163E84AB00A02D94 /* arss_header.png in Resources */ = {isa = PBXBuildFile; fileRef = 9C1806BF163E84AB00A02D94 /* arss_header.png */; };
		9C1806C7163E84B200A02D94 /* GTMNSString+HTML.m in Sources */ = {isa = PBXBuildFile; fileRef = 9C1806C3163E84B200A02D94 /* GTMNSString+HTML.m */; settings = {COMPILER_FLAGS = "-fno-objc-arc"; }; };
		9C1806C8163E84B200A02D94 /* RXMLElement.m in Sources */ = {isa = PBXBuildFile; fileRef = 9C1806C6163E84B200A02D94 /* RXMLElement.m */; };
		9C1806CA163E852F00A02D94 /* libxml2.dylib in Frameworks */ = {isa = PBXBuildFile; fileRef = 9C1806C9163E852F00A02D94 /* libxml2.dylib */; };
		9C1806CC163E853B00A02D94 /* libz.dylib in Frameworks */ = {isa = PBXBuildFile; fileRef = 9C1806CB163E853B00A02D94 /* libz.dylib */; };
		9C1806D1163E86CF00A02D94 /* TableHeaderView.m in Sources */ = {isa = PBXBuildFile; fileRef = 9C1806D0163E86CF00A02D94 /* TableHeaderView.m */; };
		9C1806D4163E874900A02D94 /* RSSLoader.m in Sources */ = {isa = PBXBuildFile; fileRef = 9C1806D3163E874900A02D94 /* RSSLoader.m */; };
		9C1806D8163E879900A02D94 /* RSSItem.m in Sources */ = {isa = PBXBuildFile; fileRef = 9C1806D7163E879900A02D94 /* RSSItem.m */; };
		9C947B9C163E835500842C2F /* UIKit.framework in Frameworks */ = {isa = PBXBuildFile; fileRef = 9C947B9B163E835500842C2F /* UIKit.framework */; };
		9C947B9E163E835500842C2F /* Foundation.framework in Frameworks */ = {isa = PBXBuildFile; fileRef = 9C947B9D163E835500842C2F /* Foundation.framework */; };
		9C947BA0163E835500842C2F /* CoreGraphics.framework in Frameworks */ = {isa = PBXBuildFile; fileRef = 9C947B9F163E835500842C2F /* CoreGraphics.framework */; };
		9C947BA6163E835500842C2F /* InfoPlist.strings in Resources */ = {isa = PBXBuildFile; fileRef = 9C947BA4163E835500842C2F /* InfoPlist.strings */; };
		9C947BA8163E835500842C2F /* main.m in Sources */ = {isa = PBXBuildFile; fileRef = 9C947BA7163E835500842C2F /* main.m */; };
		9C947BAC163E835500842C2F /* AppDelegate.m in Sources */ = {isa = PBXBuildFile; fileRef = 9C947BAB163E835500842C2F /* AppDelegate.m */; };
		9C947BB5163E835500842C2F /* MainStoryboard.storyboard in Resources */ = {isa = PBXBuildFile; fileRef = 9C947BB3163E835500842C2F /* MainStoryboard.storyboard */; };
		9C947BB8163E835500842C2F /* MasterViewController.m in Sources */ = {isa = PBXBuildFile; fileRef = 9C947BB7163E835500842C2F /* MasterViewController.m */; };
		9C947BBB163E835500842C2F /* DetailViewController.m in Sources */ = {isa = PBXBuildFile; fileRef = 9C947BBA163E835500842C2F /* DetailViewController.m */; };
/* End PBXBuildFile section */

/* Begin PBXFileReference section */
		47A4A39FE7B74C0DB10DB12A /* Pods.xcconfig */ = {isa = PBXFileReference; includeInIndex = 1; lastKnownFileType = text.xcconfig; name = Pods.xcconfig; path = Pods/Pods.xcconfig; sourceTree = SOURCE_ROOT; };
		5416D23616FF047300576320 /* LibraryTableViewController.h */ = {isa = PBXFileReference; fileEncoding = 4; lastKnownFileType = sourcecode.c.h; path = LibraryTableViewController.h; sourceTree = "<group>"; };
		5416D23716FF047300576320 /* LibraryTableViewController.m */ = {isa = PBXFileReference; fileEncoding = 4; lastKnownFileType = sourcecode.c.objc; path = LibraryTableViewController.m; sourceTree = "<group>"; };
		5440DE1416FDD284007D2216 /* white-video.jpg */ = {isa = PBXFileReference; lastKnownFileType = image.jpeg; path = "white-video.jpg"; sourceTree = "<group>"; };
		54565DE616FB19C9007F3CF9 /* VideoTableViewController.h */ = {isa = PBXFileReference; fileEncoding = 4; lastKnownFileType = sourcecode.c.h; path = VideoTableViewController.h; sourceTree = "<group>"; };
		54565DE716FB19C9007F3CF9 /* VideoTableViewController.m */ = {isa = PBXFileReference; fileEncoding = 4; lastKnownFileType = sourcecode.c.objc; path = VideoTableViewController.m; sourceTree = "<group>"; };
		5461A05C16FFDBEF0015D5AC /* App.h */ = {isa = PBXFileReference; fileEncoding = 4; lastKnownFileType = sourcecode.c.h; path = App.h; sourceTree = "<group>"; };
		5461A05D16FFDBEF0015D5AC /* App.m */ = {isa = PBXFileReference; fileEncoding = 4; lastKnownFileType = sourcecode.c.objc; path = App.m; sourceTree = "<group>"; };
		54800B6216FD6DD8005219B4 /* Video.h */ = {isa = PBXFileReference; fileEncoding = 4; lastKnownFileType = sourcecode.c.h; path = Video.h; sourceTree = "<group>"; };
		54800B6316FD6DD8005219B4 /* Video.m */ = {isa = PBXFileReference; fileEncoding = 4; lastKnownFileType = sourcecode.c.objc; path = Video.m; sourceTree = "<group>"; };
		54800B6516FD76A5005219B4 /* VideoDetailViewController.h */ = {isa = PBXFileReference; fileEncoding = 4; lastKnownFileType = sourcecode.c.h; path = VideoDetailViewController.h; sourceTree = "<group>"; };
		54800B6616FD76A5005219B4 /* VideoDetailViewController.m */ = {isa = PBXFileReference; fileEncoding = 4; lastKnownFileType = sourcecode.c.objc; path = VideoDetailViewController.m; sourceTree = "<group>"; };
		54800B6816FD86DB005219B4 /* hyeonseo-lee.jpg */ = {isa = PBXFileReference; lastKnownFileType = image.jpeg; path = "hyeonseo-lee.jpg"; sourceTree = "<group>"; };
		54800B6916FD86DB005219B4 /* my-escape-from-north-korea.jpg */ = {isa = PBXFileReference; lastKnownFileType = image.jpeg; path = "my-escape-from-north-korea.jpg"; sourceTree = "<group>"; };
		54800B6E16FDC758005219B4 /* hyeonseo_lee_my_escape_from_north_korea@2x.jpg */ = {isa = PBXFileReference; lastKnownFileType = image.jpeg; path = "hyeonseo_lee_my_escape_from_north_korea@2x.jpg"; sourceTree = "<group>"; };
		54A39FFD16FFFDF500E8B908 /* TFHpple.h */ = {isa = PBXFileReference; fileEncoding = 4; lastKnownFileType = sourcecode.c.h; path = TFHpple.h; sourceTree = "<group>"; };
		54A39FFE16FFFDF500E8B908 /* TFHpple.m */ = {isa = PBXFileReference; fileEncoding = 4; lastKnownFileType = sourcecode.c.objc; path = TFHpple.m; sourceTree = "<group>"; };
		54A39FFF16FFFDF500E8B908 /* TFHppleElement.h */ = {isa = PBXFileReference; fileEncoding = 4; lastKnownFileType = sourcecode.c.h; path = TFHppleElement.h; sourceTree = "<group>"; };
		54A3A00016FFFDF500E8B908 /* TFHppleElement.m */ = {isa = PBXFileReference; fileEncoding = 4; lastKnownFileType = sourcecode.c.objc; path = TFHppleElement.m; sourceTree = "<group>"; };
		54A3A00116FFFDF500E8B908 /* XPathQuery.h */ = {isa = PBXFileReference; fileEncoding = 4; lastKnownFileType = sourcecode.c.h; path = XPathQuery.h; sourceTree = "<group>"; };
		54A3A00216FFFDF500E8B908 /* XPathQuery.m */ = {isa = PBXFileReference; fileEncoding = 4; lastKnownFileType = sourcecode.c.objc; path = XPathQuery.m; sourceTree = "<group>"; };
		54CB0ED816F09B7700C91B32 /* app-icon.png */ = {isa = PBXFileReference; lastKnownFileType = image.png; path = "app-icon.png"; sourceTree = "<group>"; };
		54CB0EDA16F09C0500C91B32 /* app-icon-nonretina.png */ = {isa = PBXFileReference; lastKnownFileType = image.png; path = "app-icon-nonretina.png"; sourceTree = "<group>"; };
		54CB0EDC16F09C9D00C91B32 /* Default-568h@2x.png */ = {isa = PBXFileReference; lastKnownFileType = image.png; path = "Default-568h@2x.png"; sourceTree = "<group>"; };
		54D1CC3C16F8425700691CEB /* reference-tabbar-icon@2x.png */ = {isa = PBXFileReference; lastKnownFileType = image.png; path = "reference-tabbar-icon@2x.png"; sourceTree = "<group>"; };
		54D1CC3E16F845B700691CEB /* faq-tabbar-icon.png */ = {isa = PBXFileReference; lastKnownFileType = image.png; path = "faq-tabbar-icon.png"; sourceTree = "<group>"; };
		54D1CC3F16F845B700691CEB /* faq-tabbar-icon@2x.png */ = {isa = PBXFileReference; lastKnownFileType = image.png; path = "faq-tabbar-icon@2x.png"; sourceTree = "<group>"; };
		54D1CC4016F845B700691CEB /* info-tabbar-icon.png */ = {isa = PBXFileReference; lastKnownFileType = image.png; path = "info-tabbar-icon.png"; sourceTree = "<group>"; };
		54D1CC4116F845B700691CEB /* info-tabbar-icon@2x.png */ = {isa = PBXFileReference; lastKnownFileType = image.png; path = "info-tabbar-icon@2x.png"; sourceTree = "<group>"; };
		54D1CC4216F845B700691CEB /* reference-tabbar-icon.png */ = {isa = PBXFileReference; lastKnownFileType = image.png; path = "reference-tabbar-icon.png"; sourceTree = "<group>"; };
		54D1CC4316F845B700691CEB /* settings-tabbar-icon.png */ = {isa = PBXFileReference; lastKnownFileType = image.png; path = "settings-tabbar-icon.png"; sourceTree = "<group>"; };
		54D1CC4416F845B700691CEB /* settings-tabbar-icon@2x.png */ = {isa = PBXFileReference; lastKnownFileType = image.png; path = "settings-tabbar-icon@2x.png"; sourceTree = "<group>"; };
		54D1CC4C16F854EE00691CEB /* photos-tabbar-icon.png */ = {isa = PBXFileReference; lastKnownFileType = image.png; path = "photos-tabbar-icon.png"; sourceTree = "<group>"; };
		54D1CC4D16F854EE00691CEB /* photos-tabbar-icon@2x.png */ = {isa = PBXFileReference; lastKnownFileType = image.png; path = "photos-tabbar-icon@2x.png"; sourceTree = "<group>"; };
		54D1CC5016F8567E00691CEB /* videos-tabbar-icon.png */ = {isa = PBXFileReference; lastKnownFileType = image.png; path = "videos-tabbar-icon.png"; sourceTree = "<group>"; };
		54D1CC5116F8567E00691CEB /* videos-tabbar-icon@2x.png */ = {isa = PBXFileReference; lastKnownFileType = image.png; path = "videos-tabbar-icon@2x.png"; sourceTree = "<group>"; };
		54D1CC5416F866A700691CEB /* magazine-tabbar-icon.png */ = {isa = PBXFileReference; lastKnownFileType = image.png; path = "magazine-tabbar-icon.png"; sourceTree = "<group>"; };
		54D1CC5516F866A800691CEB /* magazine-tabbar-icon@2x.png */ = {isa = PBXFileReference; lastKnownFileType = image.png; path = "magazine-tabbar-icon@2x.png"; sourceTree = "<group>"; };
		54D1CC5616F866A800691CEB /* newspaper-tabbar-icon.png */ = {isa = PBXFileReference; lastKnownFileType = image.png; path = "newspaper-tabbar-icon.png"; sourceTree = "<group>"; };
		54D1CC5716F866A800691CEB /* newspaper-tabbar-icon@2x.png */ = {isa = PBXFileReference; lastKnownFileType = image.png; path = "newspaper-tabbar-icon@2x.png"; sourceTree = "<group>"; };
		54D1CC5C16F8693500691CEB /* library-tabbar-icon.png */ = {isa = PBXFileReference; lastKnownFileType = image.png; path = "library-tabbar-icon.png"; sourceTree = "<group>"; };
		54D1CC5D16F8693500691CEB /* library-tabbar-icon@2x.png */ = {isa = PBXFileReference; lastKnownFileType = image.png; path = "library-tabbar-icon@2x.png"; sourceTree = "<group>"; };
		54D1CC6016F86FFD00691CEB /* television-tabbar-icon.png */ = {isa = PBXFileReference; lastKnownFileType = image.png; path = "television-tabbar-icon.png"; sourceTree = "<group>"; };
		54D1CC6116F86FFD00691CEB /* television-tabbar-icon@2x.png */ = {isa = PBXFileReference; lastKnownFileType = image.png; path = "television-tabbar-icon@2x.png"; sourceTree = "<group>"; };
		54D1CC6416F875E000691CEB /* MainTabBarController.h */ = {isa = PBXFileReference; fileEncoding = 4; lastKnownFileType = sourcecode.c.h; name = MainTabBarController.h; path = ARSSReader/MainTabBarController.h; sourceTree = "<group>"; };
		54D1CC6516F875E000691CEB /* MainTabBarController.m */ = {isa = PBXFileReference; fileEncoding = 4; lastKnownFileType = sourcecode.c.objc; name = MainTabBarController.m; path = ARSSReader/MainTabBarController.m; sourceTree = "<group>"; };
		54D1CC6716F884F400691CEB /* Constants.h */ = {isa = PBXFileReference; lastKnownFileType = sourcecode.c.h; name = Constants.h; path = ARSSReader/Constants.h; sourceTree = "<group>"; };
		54D1CC6816F8FF7B00691CEB /* table-tabbar-icon.png */ = {isa = PBXFileReference; lastKnownFileType = image.png; path = "table-tabbar-icon.png"; sourceTree = "<group>"; };
		54D1CC6916F8FF7B00691CEB /* table-tabbar-icon@2x.png */ = {isa = PBXFileReference; lastKnownFileType = image.png; path = "table-tabbar-icon@2x.png"; sourceTree = "<group>"; };
		54D3D63C16F34F0900D89B66 /* iPadStoryboard.storyboard */ = {isa = PBXFileReference; fileEncoding = 4; lastKnownFileType = file.storyboard; name = iPadStoryboard.storyboard; path = ARSSReader/iPadStoryboard.storyboard; sourceTree = "<group>"; };
		54E87FB816FEDA1200C95CB3 /* uiss-alternative.json */ = {isa = PBXFileReference; fileEncoding = 4; lastKnownFileType = text.json; path = "uiss-alternative.json"; sourceTree = "<group>"; };
		54E87FB916FEDA1200C95CB3 /* uiss.json */ = {isa = PBXFileReference; fileEncoding = 4; lastKnownFileType = text.json; path = uiss.json; sourceTree = "<group>"; };
		54F80D7C16F32961001DC004 /* icon1.png */ = {isa = PBXFileReference; lastKnownFileType = image.png; path = icon1.png; sourceTree = "<group>"; };
		54F80D7E16F32AB0001DC004 /* icon2.png */ = {isa = PBXFileReference; lastKnownFileType = image.png; path = icon2.png; sourceTree = "<group>"; };
		54F80D8016F32E03001DC004 /* icon3.png */ = {isa = PBXFileReference; lastKnownFileType = image.png; path = icon3.png; sourceTree = "<group>"; };
		54F80D8216F330ED001DC004 /* icon4.png */ = {isa = PBXFileReference; lastKnownFileType = image.png; path = icon4.png; sourceTree = "<group>"; };
		86CF130996C44927A3427CC5 /* libPods.a */ = {isa = PBXFileReference; explicitFileType = archive.ar; includeInIndex = 0; path = libPods.a; sourceTree = BUILT_PRODUCTS_DIR; };
		9C1806AA163E848100A02D94 /* Icon-72.png */ = {isa = PBXFileReference; lastKnownFileType = image.png; path = "Icon-72.png"; sourceTree = "<group>"; };
		9C1806AB163E848100A02D94 /* Icon-Small-50.png */ = {isa = PBXFileReference; lastKnownFileType = image.png; path = "Icon-Small-50.png"; sourceTree = "<group>"; };
		9C1806AC163E848100A02D94 /* Icon-Small.png */ = {isa = PBXFileReference; lastKnownFileType = image.png; path = "Icon-Small.png"; sourceTree = "<group>"; };
		9C1806AD163E848100A02D94 /* Icon-Small@2x.png */ = {isa = PBXFileReference; lastKnownFileType = image.png; path = "Icon-Small@2x.png"; sourceTree = "<group>"; };
		9C1806AE163E848100A02D94 /* Icon.png */ = {isa = PBXFileReference; lastKnownFileType = image.png; path = Icon.png; sourceTree = "<group>"; };
		9C1806AF163E848100A02D94 /* Icon@2x.png */ = {isa = PBXFileReference; lastKnownFileType = image.png; path = "Icon@2x.png"; sourceTree = "<group>"; };
		9C1806B0163E848100A02D94 /* iTunesArtwork */ = {isa = PBXFileReference; lastKnownFileType = file; path = iTunesArtwork; sourceTree = "<group>"; };
		9C1806B9163E848D00A02D94 /* Default.png */ = {isa = PBXFileReference; lastKnownFileType = image.png; path = Default.png; sourceTree = "<group>"; };
		9C1806BA163E848D00A02D94 /* Default@2x.png */ = {isa = PBXFileReference; lastKnownFileType = image.png; path = "Default@2x.png"; sourceTree = "<group>"; };
		9C1806BF163E84AB00A02D94 /* arss_header.png */ = {isa = PBXFileReference; lastKnownFileType = image.png; path = arss_header.png; sourceTree = "<group>"; };
		9C1806C2163E84B200A02D94 /* GTMNSString+HTML.h */ = {isa = PBXFileReference; fileEncoding = 4; lastKnownFileType = sourcecode.c.h; path = "GTMNSString+HTML.h"; sourceTree = "<group>"; };
		9C1806C3163E84B200A02D94 /* GTMNSString+HTML.m */ = {isa = PBXFileReference; fileEncoding = 4; lastKnownFileType = sourcecode.c.objc; path = "GTMNSString+HTML.m"; sourceTree = "<group>"; };
		9C1806C5163E84B200A02D94 /* RXMLElement.h */ = {isa = PBXFileReference; fileEncoding = 4; lastKnownFileType = sourcecode.c.h; path = RXMLElement.h; sourceTree = "<group>"; };
		9C1806C6163E84B200A02D94 /* RXMLElement.m */ = {isa = PBXFileReference; fileEncoding = 4; lastKnownFileType = sourcecode.c.objc; path = RXMLElement.m; sourceTree = "<group>"; };
		9C1806C9163E852F00A02D94 /* libxml2.dylib */ = {isa = PBXFileReference; lastKnownFileType = "compiled.mach-o.dylib"; name = libxml2.dylib; path = usr/lib/libxml2.dylib; sourceTree = SDKROOT; };
		9C1806CB163E853B00A02D94 /* libz.dylib */ = {isa = PBXFileReference; lastKnownFileType = "compiled.mach-o.dylib"; name = libz.dylib; path = usr/lib/libz.dylib; sourceTree = SDKROOT; };
		9C1806CD163E868400A02D94 /* Default-568h@2x.png */ = {isa = PBXFileReference; lastKnownFileType = image.png; path = "Default-568h@2x.png"; sourceTree = "<group>"; };
		9C1806CF163E86CF00A02D94 /* TableHeaderView.h */ = {isa = PBXFileReference; fileEncoding = 4; lastKnownFileType = sourcecode.c.h; path = TableHeaderView.h; sourceTree = "<group>"; };
		9C1806D0163E86CF00A02D94 /* TableHeaderView.m */ = {isa = PBXFileReference; fileEncoding = 4; lastKnownFileType = sourcecode.c.objc; path = TableHeaderView.m; sourceTree = "<group>"; };
		9C1806D2163E874900A02D94 /* RSSLoader.h */ = {isa = PBXFileReference; fileEncoding = 4; lastKnownFileType = sourcecode.c.h; name = RSSLoader.h; path = ARSSReader/RSSLoader.h; sourceTree = "<group>"; };
		9C1806D3163E874900A02D94 /* RSSLoader.m */ = {isa = PBXFileReference; fileEncoding = 4; lastKnownFileType = sourcecode.c.objc; name = RSSLoader.m; path = ARSSReader/RSSLoader.m; sourceTree = "<group>"; };
		9C1806D6163E879900A02D94 /* RSSItem.h */ = {isa = PBXFileReference; fileEncoding = 4; lastKnownFileType = sourcecode.c.h; name = RSSItem.h; path = ARSSReader/RSSItem.h; sourceTree = "<group>"; };
		9C1806D7163E879900A02D94 /* RSSItem.m */ = {isa = PBXFileReference; fileEncoding = 4; lastKnownFileType = sourcecode.c.objc; name = RSSItem.m; path = ARSSReader/RSSItem.m; sourceTree = "<group>"; };
		9C947B97163E835500842C2F /* bestkorea.app */ = {isa = PBXFileReference; explicitFileType = wrapper.application; includeInIndex = 0; path = bestkorea.app; sourceTree = BUILT_PRODUCTS_DIR; };
		9C947B9B163E835500842C2F /* UIKit.framework */ = {isa = PBXFileReference; lastKnownFileType = wrapper.framework; name = UIKit.framework; path = System/Library/Frameworks/UIKit.framework; sourceTree = SDKROOT; };
		9C947B9D163E835500842C2F /* Foundation.framework */ = {isa = PBXFileReference; lastKnownFileType = wrapper.framework; name = Foundation.framework; path = System/Library/Frameworks/Foundation.framework; sourceTree = SDKROOT; };
		9C947B9F163E835500842C2F /* CoreGraphics.framework */ = {isa = PBXFileReference; lastKnownFileType = wrapper.framework; name = CoreGraphics.framework; path = System/Library/Frameworks/CoreGraphics.framework; sourceTree = SDKROOT; };
		9C947BA3163E835500842C2F /* bestkorea-Info.plist */ = {isa = PBXFileReference; lastKnownFileType = text.plist.xml; path = "bestkorea-Info.plist"; sourceTree = "<group>"; };
		9C947BA5163E835500842C2F /* en */ = {isa = PBXFileReference; lastKnownFileType = text.plist.strings; name = en; path = en.lproj/InfoPlist.strings; sourceTree = "<group>"; };
		9C947BA7163E835500842C2F /* main.m */ = {isa = PBXFileReference; lastKnownFileType = sourcecode.c.objc; path = main.m; sourceTree = "<group>"; };
		9C947BA9163E835500842C2F /* bestkorea-Prefix.pch */ = {isa = PBXFileReference; lastKnownFileType = sourcecode.c.h; path = "bestkorea-Prefix.pch"; sourceTree = "<group>"; };
		9C947BAA163E835500842C2F /* AppDelegate.h */ = {isa = PBXFileReference; lastKnownFileType = sourcecode.c.h; name = AppDelegate.h; path = ARSSReader/AppDelegate.h; sourceTree = "<group>"; };
		9C947BAB163E835500842C2F /* AppDelegate.m */ = {isa = PBXFileReference; lastKnownFileType = sourcecode.c.objc; name = AppDelegate.m; path = ARSSReader/AppDelegate.m; sourceTree = "<group>"; };
		9C947BB4163E835500842C2F /* en */ = {isa = PBXFileReference; lastKnownFileType = file.storyboard; name = en; path = en.lproj/MainStoryboard.storyboard; sourceTree = "<group>"; };
		9C947BB6163E835500842C2F /* MasterViewController.h */ = {isa = PBXFileReference; lastKnownFileType = sourcecode.c.h; name = MasterViewController.h; path = ARSSReader/MasterViewController.h; sourceTree = "<group>"; };
		9C947BB7163E835500842C2F /* MasterViewController.m */ = {isa = PBXFileReference; lastKnownFileType = sourcecode.c.objc; name = MasterViewController.m; path = ARSSReader/MasterViewController.m; sourceTree = "<group>"; };
		9C947BB9163E835500842C2F /* DetailViewController.h */ = {isa = PBXFileReference; lastKnownFileType = sourcecode.c.h; name = DetailViewController.h; path = ARSSReader/DetailViewController.h; sourceTree = "<group>"; };
		9C947BBA163E835500842C2F /* DetailViewController.m */ = {isa = PBXFileReference; lastKnownFileType = sourcecode.c.objc; name = DetailViewController.m; path = ARSSReader/DetailViewController.m; sourceTree = "<group>"; };
/* End PBXFileReference section */

/* Begin PBXFrameworksBuildPhase section */
		9C947B94163E835500842C2F /* Frameworks */ = {
			isa = PBXFrameworksBuildPhase;
			buildActionMask = 2147483647;
			files = (
				9C1806CC163E853B00A02D94 /* libz.dylib in Frameworks */,
				9C1806CA163E852F00A02D94 /* libxml2.dylib in Frameworks */,
				9C947B9C163E835500842C2F /* UIKit.framework in Frameworks */,
				9C947B9E163E835500842C2F /* Foundation.framework in Frameworks */,
				9C947BA0163E835500842C2F /* CoreGraphics.framework in Frameworks */,
				70972021CF204F3988862416 /* libPods.a in Frameworks */,
			);
			runOnlyForDeploymentPostprocessing = 0;
		};
/* End PBXFrameworksBuildPhase section */

/* Begin PBXGroup section */
		540858F416FAC786003B9BB4 /* App Code */ = {
			isa = PBXGroup;
			children = (
				5461A05C16FFDBEF0015D5AC /* App.h */,
				9C947BAA163E835500842C2F /* AppDelegate.h */,
				54D1CC6716F884F400691CEB /* Constants.h */,
				9C947BB9163E835500842C2F /* DetailViewController.h */,
				5416D23616FF047300576320 /* LibraryTableViewController.h */,
				54D1CC6416F875E000691CEB /* MainTabBarController.h */,
				9C947BB6163E835500842C2F /* MasterViewController.h */,
				54800B6216FD6DD8005219B4 /* Video.h */,
				54800B6516FD76A5005219B4 /* VideoDetailViewController.h */,
				54565DE616FB19C9007F3CF9 /* VideoTableViewController.h */,
				5461A05D16FFDBEF0015D5AC /* App.m */,
				9C947BAB163E835500842C2F /* AppDelegate.m */,
				9C947BBA163E835500842C2F /* DetailViewController.m */,
				5416D23716FF047300576320 /* LibraryTableViewController.m */,
				54D1CC6516F875E000691CEB /* MainTabBarController.m */,
				9C947BB7163E835500842C2F /* MasterViewController.m */,
				54800B6316FD6DD8005219B4 /* Video.m */,
				54800B6616FD76A5005219B4 /* VideoDetailViewController.m */,
				54565DE716FB19C9007F3CF9 /* VideoTableViewController.m */,
				54D3D63C16F34F0900D89B66 /* iPadStoryboard.storyboard */,
				9C947BB3163E835500842C2F /* MainStoryboard.storyboard */,
			);
			name = "App Code";
			sourceTree = "<group>";
		};
		54A39FF916FFFC5300E8B908 /* HTMLParsing */ = {
			isa = PBXGroup;
			children = (
				54A39FFC16FFFD9C00E8B908 /* hpple */,
			);
			name = HTMLParsing;
			sourceTree = "<group>";
		};
		54A39FFC16FFFD9C00E8B908 /* hpple */ = {
			isa = PBXGroup;
			children = (
				54A39FFD16FFFDF500E8B908 /* TFHpple.h */,
				54A39FFE16FFFDF500E8B908 /* TFHpple.m */,
				54A39FFF16FFFDF500E8B908 /* TFHppleElement.h */,
				54A3A00016FFFDF500E8B908 /* TFHppleElement.m */,
				54A3A00116FFFDF500E8B908 /* XPathQuery.h */,
				54A3A00216FFFDF500E8B908 /* XPathQuery.m */,
			);
			name = hpple;
			sourceTree = "<group>";
		};
		54F80D7B16F32961001DC004 /* icons */ = {
			isa = PBXGroup;
			children = (
				54D1CC6816F8FF7B00691CEB /* table-tabbar-icon.png */,
				54D1CC6916F8FF7B00691CEB /* table-tabbar-icon@2x.png */,
				54D1CC6016F86FFD00691CEB /* television-tabbar-icon.png */,
				54D1CC6116F86FFD00691CEB /* television-tabbar-icon@2x.png */,
				54D1CC5C16F8693500691CEB /* library-tabbar-icon.png */,
				54D1CC5D16F8693500691CEB /* library-tabbar-icon@2x.png */,
				54D1CC5416F866A700691CEB /* magazine-tabbar-icon.png */,
				54D1CC5516F866A800691CEB /* magazine-tabbar-icon@2x.png */,
				54D1CC5616F866A800691CEB /* newspaper-tabbar-icon.png */,
				54D1CC5716F866A800691CEB /* newspaper-tabbar-icon@2x.png */,
				54D1CC5016F8567E00691CEB /* videos-tabbar-icon.png */,
				54D1CC5116F8567E00691CEB /* videos-tabbar-icon@2x.png */,
				54D1CC4C16F854EE00691CEB /* photos-tabbar-icon.png */,
				54D1CC4D16F854EE00691CEB /* photos-tabbar-icon@2x.png */,
				54D1CC3E16F845B700691CEB /* faq-tabbar-icon.png */,
				54D1CC3F16F845B700691CEB /* faq-tabbar-icon@2x.png */,
				54D1CC4016F845B700691CEB /* info-tabbar-icon.png */,
				54D1CC4116F845B700691CEB /* info-tabbar-icon@2x.png */,
				54D1CC4216F845B700691CEB /* reference-tabbar-icon.png */,
				54D1CC4316F845B700691CEB /* settings-tabbar-icon.png */,
				54D1CC4416F845B700691CEB /* settings-tabbar-icon@2x.png */,
				54D1CC3C16F8425700691CEB /* reference-tabbar-icon@2x.png */,
				54F80D8216F330ED001DC004 /* icon4.png */,
				54F80D8016F32E03001DC004 /* icon3.png */,
				54F80D7E16F32AB0001DC004 /* icon2.png */,
				54F80D7C16F32961001DC004 /* icon1.png */,
			);
			path = icons;
			sourceTree = "<group>";
		};
		9C1806BE163E849B00A02D94 /* Assets */ = {
			isa = PBXGroup;
			children = (
				54E87FB816FEDA1200C95CB3 /* uiss-alternative.json */,
				54E87FB916FEDA1200C95CB3 /* uiss.json */,
				5440DE1416FDD284007D2216 /* white-video.jpg */,
				54800B6E16FDC758005219B4 /* hyeonseo_lee_my_escape_from_north_korea@2x.jpg */,
				54800B6816FD86DB005219B4 /* hyeonseo-lee.jpg */,
				54800B6916FD86DB005219B4 /* my-escape-from-north-korea.jpg */,
				54CB0EDC16F09C9D00C91B32 /* Default-568h@2x.png */,
				54CB0EDA16F09C0500C91B32 /* app-icon-nonretina.png */,
				54CB0ED816F09B7700C91B32 /* app-icon.png */,
				9C947BA2163E835500842C2F /* Supporting Files */,
				54F80D7B16F32961001DC004 /* icons */,
				9C1806C1163E84B200A02D94 /* GTMNSString+HTML */,
				9C1806C4163E84B200A02D94 /* RaptureXML */,
				9C1806BF163E84AB00A02D94 /* arss_header.png */,
			);
			name = Assets;
			sourceTree = "<group>";
		};
		9C1806C1163E84B200A02D94 /* GTMNSString+HTML */ = {
			isa = PBXGroup;
			children = (
				9C1806C2163E84B200A02D94 /* GTMNSString+HTML.h */,
				9C1806C3163E84B200A02D94 /* GTMNSString+HTML.m */,
			);
			path = "GTMNSString+HTML";
			sourceTree = "<group>";
		};
		9C1806C4163E84B200A02D94 /* RaptureXML */ = {
			isa = PBXGroup;
			children = (
				9C1806C5163E84B200A02D94 /* RXMLElement.h */,
				9C1806C6163E84B200A02D94 /* RXMLElement.m */,
			);
			path = RaptureXML;
			sourceTree = "<group>";
		};
		9C1806D5163E875300A02D94 /* ReaderClasses */ = {
			isa = PBXGroup;
			children = (
				9C1806D6163E879900A02D94 /* RSSItem.h */,
				9C1806D7163E879900A02D94 /* RSSItem.m */,
				9C1806D2163E874900A02D94 /* RSSLoader.h */,
				9C1806D3163E874900A02D94 /* RSSLoader.m */,
				9C1806CF163E86CF00A02D94 /* TableHeaderView.h */,
				9C1806D0163E86CF00A02D94 /* TableHeaderView.m */,
			);
			name = ReaderClasses;
			sourceTree = "<group>";
		};
		9C947B8C163E835500842C2F = {
			isa = PBXGroup;
			children = (
				54A39FF916FFFC5300E8B908 /* HTMLParsing */,
				540858F416FAC786003B9BB4 /* App Code */,
				9C1806BE163E849B00A02D94 /* Assets */,
				9C1806D5163E875300A02D94 /* ReaderClasses */,
				9C947B9A163E835500842C2F /* Frameworks */,
				9C947B98163E835500842C2F /* Products */,
				47A4A39FE7B74C0DB10DB12A /* Pods.xcconfig */,
			);
			sourceTree = "<group>";
		};
		9C947B98163E835500842C2F /* Products */ = {
			isa = PBXGroup;
			children = (
				9C947B97163E835500842C2F /* bestkorea.app */,
			);
			name = Products;
			sourceTree = "<group>";
		};
		9C947B9A163E835500842C2F /* Frameworks */ = {
			isa = PBXGroup;
			children = (
				9C1806CB163E853B00A02D94 /* libz.dylib */,
				9C1806C9163E852F00A02D94 /* libxml2.dylib */,
				9C947B9B163E835500842C2F /* UIKit.framework */,
				9C947B9D163E835500842C2F /* Foundation.framework */,
				9C947B9F163E835500842C2F /* CoreGraphics.framework */,
				86CF130996C44927A3427CC5 /* libPods.a */,
			);
			name = Frameworks;
			sourceTree = "<group>";
		};
		9C947BA2163E835500842C2F /* Supporting Files */ = {
			isa = PBXGroup;
			children = (
				9C1806CD163E868400A02D94 /* Default-568h@2x.png */,
				9C1806B9163E848D00A02D94 /* Default.png */,
				9C1806BA163E848D00A02D94 /* Default@2x.png */,
				9C947BC1163E844B00842C2F /* Icons */,
				9C947BA3163E835500842C2F /* bestkorea-Info.plist */,
				9C947BA4163E835500842C2F /* InfoPlist.strings */,
				9C947BA7163E835500842C2F /* main.m */,
				9C947BA9163E835500842C2F /* bestkorea-Prefix.pch */,
			);
			name = "Supporting Files";
			path = ARSSReader;
			sourceTree = "<group>";
		};
		9C947BC1163E844B00842C2F /* Icons */ = {
			isa = PBXGroup;
			children = (
				9C1806AA163E848100A02D94 /* Icon-72.png */,
				9C1806AB163E848100A02D94 /* Icon-Small-50.png */,
				9C1806AC163E848100A02D94 /* Icon-Small.png */,
				9C1806AD163E848100A02D94 /* Icon-Small@2x.png */,
				9C1806AE163E848100A02D94 /* Icon.png */,
				9C1806AF163E848100A02D94 /* Icon@2x.png */,
				9C1806B0163E848100A02D94 /* iTunesArtwork */,
			);
			name = Icons;
			sourceTree = "<group>";
		};
/* End PBXGroup section */

/* Begin PBXNativeTarget section */
		9C947B96163E835500842C2F /* bestkorea */ = {
			isa = PBXNativeTarget;
			buildConfigurationList = 9C947BBE163E835500842C2F /* Build configuration list for PBXNativeTarget "bestkorea" */;
			buildPhases = (
				9C947B93163E835500842C2F /* Sources */,
				9C947B94163E835500842C2F /* Frameworks */,
				9C947B95163E835500842C2F /* Resources */,
				F0F8F880A4564E508E3C692B /* Copy Pods Resources */,
			);
			buildRules = (
			);
			dependencies = (
			);
			name = bestkorea;
			productName = ARSSReader;
			productReference = 9C947B97163E835500842C2F /* bestkorea.app */;
			productType = "com.apple.product-type.application";
		};
/* End PBXNativeTarget section */

/* Begin PBXProject section */
		9C947B8E163E835500842C2F /* Project object */ = {
			isa = PBXProject;
			attributes = {
				LastUpgradeCheck = 0450;
				ORGANIZATIONNAME = Srsly.co;
			};
			buildConfigurationList = 9C947B91163E835500842C2F /* Build configuration list for PBXProject "bestkorea" */;
			compatibilityVersion = "Xcode 3.2";
			developmentRegion = English;
			hasScannedForEncodings = 0;
			knownRegions = (
				en,
			);
			mainGroup = 9C947B8C163E835500842C2F;
			productRefGroup = 9C947B98163E835500842C2F /* Products */;
			projectDirPath = "";
			projectRoot = "";
			targets = (
				9C947B96163E835500842C2F /* bestkorea */,
			);
		};
/* End PBXProject section */

/* Begin PBXResourcesBuildPhase section */
		9C947B95163E835500842C2F /* Resources */ = {
			isa = PBXResourcesBuildPhase;
			buildActionMask = 2147483647;
			files = (
				9C947BA6163E835500842C2F /* InfoPlist.strings in Resources */,
				9C947BB5163E835500842C2F /* MainStoryboard.storyboard in Resources */,
				9C1806B1163E848100A02D94 /* Icon-72.png in Resources */,
				9C1806B2163E848100A02D94 /* Icon-Small-50.png in Resources */,
				9C1806B3163E848100A02D94 /* Icon-Small.png in Resources */,
				9C1806B4163E848100A02D94 /* Icon-Small@2x.png in Resources */,
				9C1806B5163E848100A02D94 /* Icon.png in Resources */,
				9C1806B6163E848100A02D94 /* Icon@2x.png in Resources */,
				9C1806B7163E848100A02D94 /* iTunesArtwork in Resources */,
				9C1806C0163E84AB00A02D94 /* arss_header.png in Resources */,
				54CB0ED916F09B7700C91B32 /* app-icon.png in Resources */,
				54CB0EDB16F09C0500C91B32 /* app-icon-nonretina.png in Resources */,
				54CB0EDD16F09C9D00C91B32 /* Default-568h@2x.png in Resources */,
				54F80D7D16F32961001DC004 /* icon1.png in Resources */,
				54F80D7F16F32AB0001DC004 /* icon2.png in Resources */,
				54F80D8116F32E03001DC004 /* icon3.png in Resources */,
				54F80D8416F330ED001DC004 /* icon4.png in Resources */,
				54D3D63D16F34F0900D89B66 /* iPadStoryboard.storyboard in Resources */,
				54D1CC3D16F8425700691CEB /* reference-tabbar-icon@2x.png in Resources */,
				54D1CC4516F845B700691CEB /* faq-tabbar-icon.png in Resources */,
				54D1CC4616F845B700691CEB /* faq-tabbar-icon@2x.png in Resources */,
				54D1CC4716F845B700691CEB /* info-tabbar-icon.png in Resources */,
				54D1CC4816F845B700691CEB /* info-tabbar-icon@2x.png in Resources */,
				54D1CC4916F845B700691CEB /* reference-tabbar-icon.png in Resources */,
				54D1CC4A16F845B700691CEB /* settings-tabbar-icon.png in Resources */,
				54D1CC4B16F845B700691CEB /* settings-tabbar-icon@2x.png in Resources */,
				54D1CC4E16F854EE00691CEB /* photos-tabbar-icon.png in Resources */,
				54D1CC4F16F854EE00691CEB /* photos-tabbar-icon@2x.png in Resources */,
				54D1CC5216F8567E00691CEB /* videos-tabbar-icon.png in Resources */,
				54D1CC5316F8567E00691CEB /* videos-tabbar-icon@2x.png in Resources */,
				54D1CC5816F866A800691CEB /* magazine-tabbar-icon.png in Resources */,
				54D1CC5916F866A800691CEB /* magazine-tabbar-icon@2x.png in Resources */,
				54D1CC5A16F866A800691CEB /* newspaper-tabbar-icon.png in Resources */,
				54D1CC5B16F866A800691CEB /* newspaper-tabbar-icon@2x.png in Resources */,
				54D1CC5E16F8693500691CEB /* library-tabbar-icon.png in Resources */,
				54D1CC5F16F8693500691CEB /* library-tabbar-icon@2x.png in Resources */,
				54D1CC6216F86FFD00691CEB /* television-tabbar-icon.png in Resources */,
				54D1CC6316F86FFD00691CEB /* television-tabbar-icon@2x.png in Resources */,
				54D1CC6A16F8FF7B00691CEB /* table-tabbar-icon.png in Resources */,
				54D1CC6B16F8FF7B00691CEB /* table-tabbar-icon@2x.png in Resources */,
				54800B6A16FD86DB005219B4 /* hyeonseo-lee.jpg in Resources */,
				54800B6B16FD86DB005219B4 /* my-escape-from-north-korea.jpg in Resources */,
				54800B6F16FDC759005219B4 /* hyeonseo_lee_my_escape_from_north_korea@2x.jpg in Resources */,
				5440DE1516FDD284007D2216 /* white-video.jpg in Resources */,
				54E87FBA16FEDA1200C95CB3 /* uiss-alternative.json in Resources */,
				54E87FBB16FEDA1200C95CB3 /* uiss.json in Resources */,
			);
			runOnlyForDeploymentPostprocessing = 0;
		};
/* End PBXResourcesBuildPhase section */

/* Begin PBXShellScriptBuildPhase section */
		F0F8F880A4564E508E3C692B /* Copy Pods Resources */ = {
			isa = PBXShellScriptBuildPhase;
			buildActionMask = 2147483647;
			files = (
			);
			inputPaths = (
			);
			name = "Copy Pods Resources";
			outputPaths = (
			);
			runOnlyForDeploymentPostprocessing = 0;
			shellPath = /bin/sh;
			shellScript = "\"${SRCROOT}/Pods/Pods-resources.sh\"\n";
		};
/* End PBXShellScriptBuildPhase section */

/* Begin PBXSourcesBuildPhase section */
		9C947B93163E835500842C2F /* Sources */ = {
			isa = PBXSourcesBuildPhase;
			buildActionMask = 2147483647;
			files = (
				9C947BA8163E835500842C2F /* main.m in Sources */,
				9C947BAC163E835500842C2F /* AppDelegate.m in Sources */,
				9C947BB8163E835500842C2F /* MasterViewController.m in Sources */,
				9C947BBB163E835500842C2F /* DetailViewController.m in Sources */,
				9C1806C7163E84B200A02D94 /* GTMNSString+HTML.m in Sources */,
				9C1806C8163E84B200A02D94 /* RXMLElement.m in Sources */,
				9C1806D1163E86CF00A02D94 /* TableHeaderView.m in Sources */,
				9C1806D4163E874900A02D94 /* RSSLoader.m in Sources */,
				9C1806D8163E879900A02D94 /* RSSItem.m in Sources */,
				54D1CC6616F875E000691CEB /* MainTabBarController.m in Sources */,
				54565DE816FB19C9007F3CF9 /* VideoTableViewController.m in Sources */,
				54800B6416FD6DD8005219B4 /* Video.m in Sources */,
				54800B6716FD76A5005219B4 /* VideoDetailViewController.m in Sources */,
				5416D23816FF047300576320 /* LibraryTableViewController.m in Sources */,
				5461A05E16FFDBEF0015D5AC /* App.m in Sources */,
				54A3A00316FFFDF500E8B908 /* TFHpple.m in Sources */,
				54A3A00416FFFDF500E8B908 /* TFHppleElement.m in Sources */,
				54A3A00516FFFDF500E8B908 /* XPathQuery.m in Sources */,
			);
			runOnlyForDeploymentPostprocessing = 0;
		};
/* End PBXSourcesBuildPhase section */

/* Begin PBXVariantGroup section */
		9C947BA4163E835500842C2F /* InfoPlist.strings */ = {
			isa = PBXVariantGroup;
			children = (
				9C947BA5163E835500842C2F /* en */,
			);
			name = InfoPlist.strings;
			sourceTree = "<group>";
		};
		9C947BB3163E835500842C2F /* MainStoryboard.storyboard */ = {
			isa = PBXVariantGroup;
			children = (
				9C947BB4163E835500842C2F /* en */,
			);
			name = MainStoryboard.storyboard;
			path = ARSSReader;
			sourceTree = "<group>";
		};
/* End PBXVariantGroup section */

/* Begin XCBuildConfiguration section */
		9C947BBC163E835500842C2F /* Debug */ = {
			isa = XCBuildConfiguration;
			buildSettings = {
				ALWAYS_SEARCH_USER_PATHS = YES;
				CLANG_CXX_LANGUAGE_STANDARD = "gnu++0x";
				CLANG_CXX_LIBRARY = "libc++";
				CLANG_ENABLE_OBJC_ARC = YES;
				CLANG_WARN_EMPTY_BODY = YES;
				CLANG_WARN__DUPLICATE_METHOD_MATCH = YES;
				"CODE_SIGN_IDENTITY[sdk=iphoneos*]" = "iPhone Developer";
				COPY_PHASE_STRIP = NO;
				GCC_C_LANGUAGE_STANDARD = gnu99;
				GCC_DYNAMIC_NO_PIC = NO;
				GCC_OPTIMIZATION_LEVEL = 0;
				GCC_PREPROCESSOR_DEFINITIONS = (
					"DEBUG=1",
					"$(inherited)",
				);
				GCC_SYMBOLS_PRIVATE_EXTERN = NO;
				GCC_WARN_ABOUT_RETURN_TYPE = YES;
				GCC_WARN_UNINITIALIZED_AUTOS = YES;
				GCC_WARN_UNUSED_VARIABLE = YES;
				IPHONEOS_DEPLOYMENT_TARGET = 6.1;
				SDKROOT = iphoneos;
			};
			name = Debug;
		};
		9C947BBD163E835500842C2F /* Release */ = {
			isa = XCBuildConfiguration;
			buildSettings = {
				ALWAYS_SEARCH_USER_PATHS = YES;
				CLANG_CXX_LANGUAGE_STANDARD = "gnu++0x";
				CLANG_CXX_LIBRARY = "libc++";
				CLANG_ENABLE_OBJC_ARC = YES;
				CLANG_WARN_EMPTY_BODY = YES;
				CLANG_WARN__DUPLICATE_METHOD_MATCH = YES;
				"CODE_SIGN_IDENTITY[sdk=iphoneos*]" = "iPhone Developer";
				COPY_PHASE_STRIP = YES;
				GCC_C_LANGUAGE_STANDARD = gnu99;
				GCC_WARN_ABOUT_RETURN_TYPE = YES;
				GCC_WARN_UNINITIALIZED_AUTOS = YES;
				GCC_WARN_UNUSED_VARIABLE = YES;
				IPHONEOS_DEPLOYMENT_TARGET = 6.1;
				OTHER_CFLAGS = "-DNS_BLOCK_ASSERTIONS=1";
				SDKROOT = iphoneos;
				VALIDATE_PRODUCT = YES;
			};
			name = Release;
		};
		9C947BBF163E835500842C2F /* Debug */ = {
			isa = XCBuildConfiguration;
			baseConfigurationReference = 47A4A39FE7B74C0DB10DB12A /* Pods.xcconfig */;
			buildSettings = {
				ALWAYS_SEARCH_USER_PATHS = YES;
				CODE_SIGN_IDENTITY = "iPhone Developer: Robb Shecter (B2KM4WZHH2)";
				GCC_PRECOMPILE_PREFIX_HEADER = YES;
				GCC_PREFIX_HEADER = "ARSSReader/bestkorea-Prefix.pch";
				HEADER_SEARCH_PATHS = "";
				INFOPLIST_FILE = "ARSSReader/bestkorea-Info.plist";
				IPHONEOS_DEPLOYMENT_TARGET = 6.1;
				PRODUCT_NAME = bestkorea;
				PROVISIONING_PROFILE = "CE3B3913-755B-4B29-833B-54B8DB8A02EC";
				TARGETED_DEVICE_FAMILY = 1;
				USER_HEADER_SEARCH_PATHS = "/usr/include/libxml2 $PODS_PUBLIC_HEADERS_SEARCH_PATHS";
				WRAPPER_EXTENSION = app;
			};
			name = Debug;
		};
		9C947BC0163E835500842C2F /* Release */ = {
			isa = XCBuildConfiguration;
			baseConfigurationReference = 47A4A39FE7B74C0DB10DB12A /* Pods.xcconfig */;
			buildSettings = {
				ALWAYS_SEARCH_USER_PATHS = YES;
				CODE_SIGN_IDENTITY = "iPhone Developer: Robb Shecter (B2KM4WZHH2)";
				GCC_PRECOMPILE_PREFIX_HEADER = YES;
				GCC_PREFIX_HEADER = "ARSSReader/bestkorea-Prefix.pch";
				HEADER_SEARCH_PATHS = "";
				INFOPLIST_FILE = "ARSSReader/bestkorea-Info.plist";
				IPHONEOS_DEPLOYMENT_TARGET = 6.1;
				PRODUCT_NAME = bestkorea;
				PROVISIONING_PROFILE = "CE3B3913-755B-4B29-833B-54B8DB8A02EC";
				TARGETED_DEVICE_FAMILY = 1;
				USER_HEADER_SEARCH_PATHS = "/usr/include/libxml2 $PODS_PUBLIC_HEADERS_SEARCH_PATHS";
				WRAPPER_EXTENSION = app;
			};
			name = Release;
		};
/* End XCBuildConfiguration section */

/* Begin XCConfigurationList section */
		9C947B91163E835500842C2F /* Build configuration list for PBXProject "bestkorea" */ = {
			isa = XCConfigurationList;
			buildConfigurations = (
				9C947BBC163E835500842C2F /* Debug */,
				9C947BBD163E835500842C2F /* Release */,
			);
			defaultConfigurationIsVisible = 0;
			defaultConfigurationName = Release;
		};
		9C947BBE163E835500842C2F /* Build configuration list for PBXNativeTarget "bestkorea" */ = {
			isa = XCConfigurationList;
			buildConfigurations = (
				9C947BBF163E835500842C2F /* Debug */,
				9C947BC0163E835500842C2F /* Release */,
			);
			defaultConfigurationIsVisible = 0;
			defaultConfigurationName = Release;
		};
/* End XCConfigurationList section */
	};
	rootObject = 9C947B8E163E835500842C2F /* Project object */;
}
